<?xml version="1.0" encoding="utf-8"?>
<Project ToolsVersion="4.0" xmlns="http://schemas.microsoft.com/developer/msbuild/2003">
  <ItemGroup>
    <Filter Include="Source Files">
      <UniqueIdentifier>{4FC737F1-C7A5-4376-A066-2A32D752A2FF}</UniqueIdentifier>
      <Extensions>cpp;cxx;c;def</Extensions>
    </Filter>
    <Filter Include="Header Files">
      <UniqueIdentifier>{93995380-89BD-4b04-88EB-625FBE52EBFB}</UniqueIdentifier>
      <Extensions>h</Extensions>
    </Filter>
    <Filter Include="Form Files">
      <UniqueIdentifier>{99349809-55BA-4b9d-BF79-8FDBB0286EB3}</UniqueIdentifier>
      <Extensions>ui</Extensions>
    </Filter>
    <Filter Include="Resource Files">
      <UniqueIdentifier>{D9D6E242-F8AF-46E4-B9FD-80ECBC20BA3E}</UniqueIdentifier>
      <Extensions>qrc;*</Extensions>
      <ParseFiles>false</ParseFiles>
    </Filter>
    <Filter Include="Generated Files">
      <UniqueIdentifier>{71ED8ED8-ACB9-4CE9-BBE1-E00B30144E11}</UniqueIdentifier>
      <Extensions>moc;h;cpp</Extensions>
      <SourceControlFiles>False</SourceControlFiles>
    </Filter>
    <Filter Include="Generated Files\Debug">
      <UniqueIdentifier>{0677988d-a715-458d-8a22-2fbe2197a10c}</UniqueIdentifier>
      <Extensions>cpp;moc</Extensions>
      <SourceControlFiles>False</SourceControlFiles>
    </Filter>
    <Filter Include="Generated Files\Release">
      <UniqueIdentifier>{0aab9aff-4f5e-4a74-8147-121a68bc863c}</UniqueIdentifier>
      <Extensions>cpp;moc</Extensions>
      <SourceControlFiles>False</SourceControlFiles>
    </Filter>
  </ItemGroup>
  <ItemGroup>
    <ClCompile Include="main.cpp">
      <Filter>Source Files</Filter>
    </ClCompile>
    <ClCompile Include="admingui.cpp">
      <Filter>Source Files</Filter>
    </ClCompile>
    
    
    
    <ClCompile Include="Controller.cpp">
      <Filter>Source Files</Filter>
    </ClCompile>
    <ClCompile Include="CSVWatchList.cpp">
      <Filter>Source Files</Filter>
    </ClCompile>
    <ClCompile Include="FileRepository.cpp">
      <Filter>Source Files</Filter>
    </ClCompile>
    <ClCompile Include="HTMLWatchList.cpp">
      <Filter>Source Files</Filter>
    </ClCompile>
    <ClCompile Include="MemoryRepository.cpp">
      <Filter>Source Files</Filter>
    </ClCompile>
    <ClCompile Include="Movie.cpp">
      <Filter>Source Files</Filter>
    </ClCompile>
    <ClCompile Include="Repository.cpp">
      <Filter>Source Files</Filter>
    </ClCompile>
    <ClCompile Include="RepositoryException.cpp">
      <Filter>Source Files</Filter>
    </ClCompile>
    <ClCompile Include="util.cpp">
      <Filter>Source Files</Filter>
    </ClCompile>
    <ClCompile Include="Validator.cpp">
      <Filter>Source Files</Filter>
    </ClCompile>
    <ClCompile Include="WatchList.cpp">
      <Filter>Source Files</Filter>
    </ClCompile>
    <ClCompile Include="mainform.cpp">
      <Filter>Source Files</Filter>
    </ClCompile>
    
    
    <ClCompile Include="usergui.cpp">
      <Filter>Source Files</Filter>
    </ClCompile>
    
    
  </ItemGroup>
  <ItemGroup>
    <QtMoc Include="admingui.h">
      <Filter>Header Files</Filter>
    </QtMoc>
    <QtUic Include="admingui.ui">
      <Filter>Form Files</Filter>
    </QtUic>
    <QtRcc Include="admingui.qrc">
      <Filter>Resource Files</Filter>
    </QtRcc>
    <QtMoc Include="mainform.h">
      <Filter>Header Files</Filter>
    </QtMoc>
    <QtUic Include="mainform.ui">
      <Filter>Form Files</Filter>
    </QtUic>
    <QtMoc Include="usergui.h">
      <Filter>Header Files</Filter>
    </QtMoc>
    <QtUic Include="usergui.ui">
      <Filter>Form Files</Filter>
    </QtUic>
  </ItemGroup>
  <ItemGroup>
    <ClInclude Include="GeneratedFiles\ui_admingui.h">
      <Filter>Generated Files</Filter>
    </ClInclude>
    <ClInclude Include="Controller.h">
      <Filter>Header Files</Filter>
    </ClInclude>
    <ClInclude Include="CSVWatchList.h">
      <Filter>Header Files</Filter>
    </ClInclude>
    <ClInclude Include="FileRepository.h">
      <Filter>Header Files</Filter>
    </ClInclude>
    <ClInclude Include="HTMLWatchList.h">
      <Filter>Header Files</Filter>
    </ClInclude>
    <ClInclude Include="MemoryRepository.h">
      <Filter>Header Files</Filter>
    </ClInclude>
    <ClInclude Include="Movie.h">
      <Filter>Header Files</Filter>
    </ClInclude>
    <ClInclude Include="Repository.h">
      <Filter>Header Files</Filter>
    </ClInclude>
    <ClInclude Include="RepositoryException.h">
      <Filter>Header Files</Filter>
    </ClInclude>
    <ClInclude Include="util.h">
      <Filter>Header Files</Filter>
    </ClInclude>
    <ClInclude Include="Validator.h">
      <Filter>Header Files</Filter>
    </ClInclude>
    <ClInclude Include="WatchList.h">
      <Filter>Header Files</Filter>
    </ClInclude>
    <ClInclude Include="GeneratedFiles\ui_mainform.h">
      <Filter>Generated Files</Filter>
    </ClInclude>
    <ClInclude Include="GeneratedFiles\ui_usergui.h">
      <Filter>Generated Files</Filter>
    </ClInclude>
  </ItemGroup>
  <ItemGroup>
    <None Include="movie.csv">
      <Filter>Resource Files</Filter>
    </None>
    <None Include="movie2.csv">
      <Filter>Resource Files</Filter>
    </None>
    <None Include="Resources\movie_database.csv">
      <Filter>Resource Files</Filter>
    </None>
    <None Include="Resources\movie_database_2.csv">
      <Filter>Resource Files</Filter>
    </None>
    <None Include="Resources\watchlist.csv">
      <Filter>Resource Files</Filter>
    </None>
    <None Include="Resources\watchlist.html">
      <Filter>Resource Files</Filter>
    </None>
  </ItemGroup>
  <ItemGroup>
    <Image Include="Resources\admin.ico">
      <Filter>Resource Files</Filter>
    </Image>
    <Image Include="Resources\ubb.ico">
      <Filter>Resource Files</Filter>
    </Image>
    <Image Include="Resources\music.ico">
      <Filter>Resource Files</Filter>
    </Image>
  </ItemGroup>
</Project>