
Microsoft Visual Studio Solution File, Format Version 12.00
# Visual Studio 15
VisualStudioVersion = 15.0.27428.2005
MinimumVisualStudioVersion = 10.0.40219.1
Project("{8BC9CEB8-8B4A-11D0-8D11-00A0C91BC942}") = "PetShelter", "PetShelter\PetShelter.vcxproj", "{C8E978AA-74C0-4A15-9616-2B95A617E6FD}"
EndProject
Global
	GlobalSection(SolutionConfigurationPlatforms) = preSolution
		Debug|x64 = Debug|x64
		Debug|x86 = Debug|x86
		Release|x64 = Release|x64
		Release|x86 = Release|x86
	EndGlobalSection
	GlobalSection(ProjectConfigurationPlatforms) = postSolution
		{C8E978AA-74C0-4A15-9616-2B95A617E6FD}.Debug|x64.ActiveCfg = Debug|x64
		{C8E978AA-74C0-4A15-9616-2B95A617E6FD}.Debug|x64.Build.0 = Debug|x64
		{C8E978AA-74C0-4A15-9616-2B95A617E6FD}.Debug|x86.ActiveCfg = Debug|Win32
		{C8E978AA-74C0-4A15-9616-2B95A617E6FD}.Debug|x86.Build.0 = Debug|Win32
		{C8E978AA-74C0-4A15-9616-2B95A617E6FD}.Release|x64.ActiveCfg = Release|x64
		{C8E978AA-74C0-4A15-9616-2B95A617E6FD}.Release|x64.Build.0 = Release|x64
		{C8E978AA-74C0-4A15-9616-2B95A617E6FD}.Release|x86.ActiveCfg = Release|Win32
		{C8E978AA-74C0-4A15-9616-2B95A617E6FD}.Release|x86.Build.0 = Release|Win32
	EndGlobalSection
	GlobalSection(SolutionProperties) = preSolution
		HideSolutionNode = FALSE
	EndGlobalSection
	GlobalSection(ExtensibilityGlobals) = postSolution
		SolutionGuid = {ABA42E24-477B-4DB9-8206-6044DF723BDC}
	EndGlobalSection
EndGlobal
