
Microsoft Visual Studio Solution File, Format Version 12.00
# Visual Studio 15
VisualStudioVersion = 15.0.27428.2005
MinimumVisualStudioVersion = 10.0.40219.1
Project("{FAE04EC0-301F-11D3-BF4B-00C04F79EFBC}") = "Practic_Model", "Practic_Model\Practic_Model.csproj", "{7FDE17E0-A4A8-4AD9-9722-16A2969C1E6E}"
EndProject
Global
	GlobalSection(SolutionConfigurationPlatforms) = preSolution
		Debug|Any CPU = Debug|Any CPU
		Release|Any CPU = Release|Any CPU
	EndGlobalSection
	GlobalSection(ProjectConfigurationPlatforms) = postSolution
		{7FDE17E0-A4A8-4AD9-9722-16A2969C1E6E}.Debug|Any CPU.ActiveCfg = Debug|Any CPU
		{7FDE17E0-A4A8-4AD9-9722-16A2969C1E6E}.Debug|Any CPU.Build.0 = Debug|Any CPU
		{7FDE17E0-A4A8-4AD9-9722-16A2969C1E6E}.Release|Any CPU.ActiveCfg = Release|Any CPU
		{7FDE17E0-A4A8-4AD9-9722-16A2969C1E6E}.Release|Any CPU.Build.0 = Release|Any CPU
	EndGlobalSection
	GlobalSection(SolutionProperties) = preSolution
		HideSolutionNode = FALSE
	EndGlobalSection
	GlobalSection(ExtensibilityGlobals) = postSolution
		SolutionGuid = {0FB8C76C-61E1-45D7-A7ED-8B8D4143BA8E}
	EndGlobalSection
EndGlobal
