
Microsoft Visual Studio Solution File, Format Version 12.00
# Visual Studio 15
VisualStudioVersion = 15.0.27428.2005
MinimumVisualStudioVersion = 10.0.40219.1
Project("{FAE04EC0-301F-11D3-BF4B-00C04F79EFBC}") = "Practic927", "Practic927\Practic927.csproj", "{F5D831F0-A2E5-4A3E-8AFA-124E6F0207AE}"
EndProject
Global
	GlobalSection(SolutionConfigurationPlatforms) = preSolution
		Debug|Any CPU = Debug|Any CPU
		Release|Any CPU = Release|Any CPU
	EndGlobalSection
	GlobalSection(ProjectConfigurationPlatforms) = postSolution
		{F5D831F0-A2E5-4A3E-8AFA-124E6F0207AE}.Debug|Any CPU.ActiveCfg = Debug|Any CPU
		{F5D831F0-A2E5-4A3E-8AFA-124E6F0207AE}.Debug|Any CPU.Build.0 = Debug|Any CPU
		{F5D831F0-A2E5-4A3E-8AFA-124E6F0207AE}.Release|Any CPU.ActiveCfg = Release|Any CPU
		{F5D831F0-A2E5-4A3E-8AFA-124E6F0207AE}.Release|Any CPU.Build.0 = Release|Any CPU
	EndGlobalSection
	GlobalSection(SolutionProperties) = preSolution
		HideSolutionNode = FALSE
	EndGlobalSection
	GlobalSection(ExtensibilityGlobals) = postSolution
		SolutionGuid = {210F95FB-1292-437B-95A3-8AAE2A34174D}
	EndGlobalSection
EndGlobal
