
Microsoft Visual Studio Solution File, Format Version 12.00
# Visual Studio 15
VisualStudioVersion = 15.0.27428.2005
MinimumVisualStudioVersion = 10.0.40219.1
Project("{FAE04EC0-301F-11D3-BF4B-00C04F79EFBC}") = "NewsService", "NewsService\NewsService.csproj", "{5C05D49B-39F3-4A71-A82E-B0A81F7BBFFD}"
EndProject
Global
	GlobalSection(SolutionConfigurationPlatforms) = preSolution
		Debug|Any CPU = Debug|Any CPU
		Release|Any CPU = Release|Any CPU
	EndGlobalSection
	GlobalSection(ProjectConfigurationPlatforms) = postSolution
		{5C05D49B-39F3-4A71-A82E-B0A81F7BBFFD}.Debug|Any CPU.ActiveCfg = Debug|Any CPU
		{5C05D49B-39F3-4A71-A82E-B0A81F7BBFFD}.Debug|Any CPU.Build.0 = Debug|Any CPU
		{5C05D49B-39F3-4A71-A82E-B0A81F7BBFFD}.Release|Any CPU.ActiveCfg = Release|Any CPU
		{5C05D49B-39F3-4A71-A82E-B0A81F7BBFFD}.Release|Any CPU.Build.0 = Release|Any CPU
	EndGlobalSection
	GlobalSection(SolutionProperties) = preSolution
		HideSolutionNode = FALSE
	EndGlobalSection
	GlobalSection(ExtensibilityGlobals) = postSolution
		SolutionGuid = {7AC51956-10F0-4B42-A2A6-CB1538E22678}
	EndGlobalSection
EndGlobal
