
Microsoft Visual Studio Solution File, Format Version 12.00
# Visual Studio 15
VisualStudioVersion = 15.0.27428.2005
MinimumVisualStudioVersion = 10.0.40219.1
Project("{FAE04EC0-301F-11D3-BF4B-00C04F79EFBC}") = "Deadlock", "Deadlock\Deadlock.csproj", "{366996C7-DE47-41F9-BA9E-441407744389}"
EndProject
Global
	GlobalSection(SolutionConfigurationPlatforms) = preSolution
		Debug|Any CPU = Debug|Any CPU
		Release|Any CPU = Release|Any CPU
	EndGlobalSection
	GlobalSection(ProjectConfigurationPlatforms) = postSolution
		{366996C7-DE47-41F9-BA9E-441407744389}.Debug|Any CPU.ActiveCfg = Debug|Any CPU
		{366996C7-DE47-41F9-BA9E-441407744389}.Debug|Any CPU.Build.0 = Debug|Any CPU
		{366996C7-DE47-41F9-BA9E-441407744389}.Release|Any CPU.ActiveCfg = Release|Any CPU
		{366996C7-DE47-41F9-BA9E-441407744389}.Release|Any CPU.Build.0 = Release|Any CPU
	EndGlobalSection
	GlobalSection(SolutionProperties) = preSolution
		HideSolutionNode = FALSE
	EndGlobalSection
	GlobalSection(ExtensibilityGlobals) = postSolution
		SolutionGuid = {24CA5FD5-C64F-406C-9970-2B2214B3B604}
	EndGlobalSection
EndGlobal
