
Microsoft Visual Studio Solution File, Format Version 12.00
# Visual Studio 15
VisualStudioVersion = 15.0.27004.2005
MinimumVisualStudioVersion = 10.0.40219.1
Project("{FAE04EC0-301F-11D3-BF4B-00C04F79EFBC}") = "Assignement7", "Assignement7\Assignement7.csproj", "{C015D067-4A54-4C23-99B8-EAEFA6F3560E}"
EndProject
Global
	GlobalSection(SolutionConfigurationPlatforms) = preSolution
		Debug|Any CPU = Debug|Any CPU
		Release|Any CPU = Release|Any CPU
	EndGlobalSection
	GlobalSection(ProjectConfigurationPlatforms) = postSolution
		{C015D067-4A54-4C23-99B8-EAEFA6F3560E}.Debug|Any CPU.ActiveCfg = Debug|Any CPU
		{C015D067-4A54-4C23-99B8-EAEFA6F3560E}.Debug|Any CPU.Build.0 = Debug|Any CPU
		{C015D067-4A54-4C23-99B8-EAEFA6F3560E}.Release|Any CPU.ActiveCfg = Release|Any CPU
		{C015D067-4A54-4C23-99B8-EAEFA6F3560E}.Release|Any CPU.Build.0 = Release|Any CPU
	EndGlobalSection
	GlobalSection(SolutionProperties) = preSolution
		HideSolutionNode = FALSE
	EndGlobalSection
	GlobalSection(ExtensibilityGlobals) = postSolution
		SolutionGuid = {933D4C14-EE3E-452B-BD00-C71CDD8BFD0A}
	EndGlobalSection
EndGlobal
